{
  "name": "xmls",
  "version": "1.0.0",
  "lockfileVersion": 1,
  "requires": true,
  "dependencies": {
    "@fidm/asn1": {
      "version": "1.0.4",
      "resolved": "https://registry.npmjs.org/@fidm/asn1/-/asn1-1.0.4.tgz",
      "integrity": "sha512-esd1jyNvRb2HVaQGq2Gg8Z0kbQPXzV9Tq5Z14KNIov6KfFD6PTaRIO8UpcsYiTNzOqJpmyzWgVTrUwFV3UF4TQ=="
    },
    "@fidm/x509": {
      "version": "1.2.1",
      "resolved": "https://registry.npmjs.org/@fidm/x509/-/x509-1.2.1.tgz",
      "integrity": "sha512-nwc2iesjyc9hkuzcrMCBXQRn653XuAUKorfWM8PZyJawiy1QzLj4vahwzaI25+pfpwOLvMzbJ0uKpWLDNmo16w==",
      "requires": {
        "@fidm/asn1": "^1.0.4",
        "tweetnacl": "^1.0.1"
      }
    },
    "async": {
      "version": "3.2.0",
      "resolved": "https://registry.npmjs.org/async/-/async-3.2.0.tgz",
      "integrity": "sha512-TR2mEZFVOj2pLStYxLht7TyfuRzaydfpxr3k9RpHIzMgw7A64dzsdqCxH1WJyQdoe8T10nDXd9wnEigmiuHIZw=="
    },
    "charenc": {
      "version": "0.0.2",
      "resolved": "https://registry.npmjs.org/charenc/-/charenc-0.0.2.tgz",
      "integrity": "sha1-wKHS86cJLgN3S/qD8UwPxXkKhmc="
    },
    "crypt": {
      "version": "0.0.2",
      "resolved": "https://registry.npmjs.org/crypt/-/crypt-0.0.2.tgz",
      "integrity": "sha1-iNf/fsDfuG9xPch7u0LQRNPmxBs="
    },
    "es6-promisify": {
      "version": "6.1.1",
      "resolved": "https://registry.npmjs.org/es6-promisify/-/es6-promisify-6.1.1.tgz",
      "integrity": "sha512-HBL8I3mIki5C1Cc9QjKUenHtnG0A5/xA8Q/AllRcfiwl2CZFXGK7ddBiCoRwAix4i2KxcQfjtIVcrVbB3vbmwg=="
    },
    "google-p12-pem": {
      "version": "3.0.3",
      "resolved": "https://registry.npmjs.org/google-p12-pem/-/google-p12-pem-3.0.3.tgz",
      "integrity": "sha512-wS0ek4ZtFx/ACKYF3JhyGe5kzH7pgiQ7J5otlumqR9psmWMYc+U9cErKlCYVYHoUaidXHdZ2xbo34kB+S+24hA==",
      "requires": {
        "node-forge": "^0.10.0"
      }
    },
    "is-buffer": {
      "version": "1.1.6",
      "resolved": "https://registry.npmjs.org/is-buffer/-/is-buffer-1.1.6.tgz",
      "integrity": "sha512-NcdALwpXkTm5Zvvbk7owOUSvVvBKDgKP5/ewfXEznmQFfs4ZRmanOeKBTjRVjka3QFoN6XJ+9F3USqfHqTaU5w=="
    },
    "isexe": {
      "version": "2.0.0",
      "resolved": "https://registry.npmjs.org/isexe/-/isexe-2.0.0.tgz",
      "integrity": "sha1-6PvzdNxVb/iUehDcsFctYz8s+hA="
    },
    "md5": {
      "version": "2.3.0",
      "resolved": "https://registry.npmjs.org/md5/-/md5-2.3.0.tgz",
      "integrity": "sha512-T1GITYmFaKuO91vxyoQMFETst+O71VUPEU3ze5GNzDm0OWdP8v1ziTaAEPUr/3kLsY3Sftgz242A1SetQiDL7g==",
      "requires": {
        "charenc": "0.0.2",
        "crypt": "0.0.2",
        "is-buffer": "~1.1.6"
      }
    },
    "node-forge": {
      "version": "0.10.0",
      "resolved": "https://registry.npmjs.org/node-forge/-/node-forge-0.10.0.tgz",
      "integrity": "sha512-PPmu8eEeG9saEUvI97fm4OYxXVB6bFvyNTyiUOBichBpFG8A1Ljw3bY62+5oOjDEMHRnd0Y7HQ+x7uzxOzC6JA=="
    },
    "openssl-nodejs": {
      "version": "1.0.5",
      "resolved": "https://registry.npmjs.org/openssl-nodejs/-/openssl-nodejs-1.0.5.tgz",
      "integrity": "sha512-6+nxZBw96nK1WUk5yIjhv9NRjqtNTfklB508T64BG5TQ8fU1x1rJrc1I3iVW+31KjnYYYwInGTopYxFJa7wMqA=="
    },
    "os-tmpdir": {
      "version": "1.0.2",
      "resolved": "https://registry.npmjs.org/os-tmpdir/-/os-tmpdir-1.0.2.tgz",
      "integrity": "sha1-u+Z0BseaqFxc/sdm/lc0VV36EnQ="
    },
    "pem": {
      "version": "1.14.4",
      "resolved": "https://registry.npmjs.org/pem/-/pem-1.14.4.tgz",
      "integrity": "sha512-v8lH3NpirgiEmbOqhx0vwQTxwi0ExsiWBGYh0jYNq7K6mQuO4gI6UEFlr6fLAdv9TPXRt6GqiwE37puQdIDS8g==",
      "requires": {
        "es6-promisify": "^6.0.0",
        "md5": "^2.2.1",
        "os-tmpdir": "^1.0.1",
        "which": "^2.0.2"
      }
    },
    "pfx-to-pem": {
      "version": "1.0.2",
      "resolved": "https://registry.npmjs.org/pfx-to-pem/-/pfx-to-pem-1.0.2.tgz",
      "integrity": "sha512-hq/zi0/SvDvPHXX32N5YV15/PF33rJPQIG7s1jbiMhRPBXSa+qTR+I1moaneePIAF4q6/0On14dRg8gsynbBZg==",
      "requires": {
        "async": "^3.2.0",
        "x509.js": "^1.0.0"
      }
    },
    "tweetnacl": {
      "version": "1.0.3",
      "resolved": "https://registry.npmjs.org/tweetnacl/-/tweetnacl-1.0.3.tgz",
      "integrity": "sha512-6rt+RN7aOi1nGMyC4Xa5DdYiukl2UWCbcJft7YhxReBGQD7OAM8Pbxw6YMo4r2diNEA8FEmu32YOn9rhaiE5yw=="
    },
    "which": {
      "version": "2.0.2",
      "resolved": "https://registry.npmjs.org/which/-/which-2.0.2.tgz",
      "integrity": "sha512-BLI3Tl1TW3Pvl70l3yq3Y64i+awpwXqsGBYWkkqMtnbXgrMD+yj7rhW0kuEDxzJaYXGjEW5ogapKNMEKNMjibA==",
      "requires": {
        "isexe": "^2.0.0"
      }
    },
    "x509.js": {
      "version": "1.0.0",
      "resolved": "https://registry.npmjs.org/x509.js/-/x509.js-1.0.0.tgz",
      "integrity": "sha1-BLapdNs8eOwnakwKDIT7puyAjTg="
    },
    "xml-crypto": {
      "version": "2.0.0",
      "resolved": "https://registry.npmjs.org/xml-crypto/-/xml-crypto-2.0.0.tgz",
      "integrity": "sha512-/a04qr7RpONRZHOxROZ6iIHItdsQQjN3sj8lJkYDDss8tAkEaAs0VrFjb3tlhmS5snQru5lTs9/5ISSMdPDHlg==",
      "requires": {
        "xmldom": "0.1.27",
        "xpath": "0.0.27"
      }
    },
    "xmldom": {
      "version": "0.1.27",
      "resolved": "https://registry.npmjs.org/xmldom/-/xmldom-0.1.27.tgz",
      "integrity": "sha1-1QH5ezvbQDr4757MIFcxh6rawOk="
    },
    "xpath": {
      "version": "0.0.27",
      "resolved": "https://registry.npmjs.org/xpath/-/xpath-0.0.27.tgz",
      "integrity": "sha512-fg03WRxtkCV6ohClePNAECYsmpKKTv5L8y/X3Dn1hQrec3POx2jHZ/0P2qQ6HvsrU1BmeqXcof3NGGueG6LxwQ=="
    }
  }
}
