{
  "name": "xmls",
  "version": "1.0.0",
  "lockfileVersion": 1,
  "requires": true,
  "dependencies": {
    "async": {
      "version": "3.2.0",
      "resolved": "https://registry.npmjs.org/async/-/async-3.2.0.tgz",
      "integrity": "sha512-TR2mEZFVOj2pLStYxLht7TyfuRzaydfpxr3k9RpHIzMgw7A64dzsdqCxH1WJyQdoe8T10nDXd9wnEigmiuHIZw=="
    },
    "google-p12-pem": {
      "version": "3.0.3",
      "resolved": "https://registry.npmjs.org/google-p12-pem/-/google-p12-pem-3.0.3.tgz",
      "integrity": "sha512-wS0ek4ZtFx/ACKYF3JhyGe5kzH7pgiQ7J5otlumqR9psmWMYc+U9cErKlCYVYHoUaidXHdZ2xbo34kB+S+24hA==",
      "requires": {
        "node-forge": "^0.10.0"
      }
    },
    "node-forge": {
      "version": "0.10.0",
      "resolved": "https://registry.npmjs.org/node-forge/-/node-forge-0.10.0.tgz",
      "integrity": "sha512-PPmu8eEeG9saEUvI97fm4OYxXVB6bFvyNTyiUOBichBpFG8A1Ljw3bY62+5oOjDEMHRnd0Y7HQ+x7uzxOzC6JA=="
    },
    "openssl-nodejs": {
      "version": "1.0.5",
      "resolved": "https://registry.npmjs.org/openssl-nodejs/-/openssl-nodejs-1.0.5.tgz",
      "integrity": "sha512-6+nxZBw96nK1WUk5yIjhv9NRjqtNTfklB508T64BG5TQ8fU1x1rJrc1I3iVW+31KjnYYYwInGTopYxFJa7wMqA=="
    },
    "pfx-to-pem": {
      "version": "1.0.2",
      "resolved": "https://registry.npmjs.org/pfx-to-pem/-/pfx-to-pem-1.0.2.tgz",
      "integrity": "sha512-hq/zi0/SvDvPHXX32N5YV15/PF33rJPQIG7s1jbiMhRPBXSa+qTR+I1moaneePIAF4q6/0On14dRg8gsynbBZg==",
      "requires": {
        "async": "^3.2.0",
        "x509.js": "^1.0.0"
      }
    },
    "x509.js": {
      "version": "1.0.0",
      "resolved": "https://registry.npmjs.org/x509.js/-/x509.js-1.0.0.tgz",
      "integrity": "sha1-BLapdNs8eOwnakwKDIT7puyAjTg="
    },
    "xml-crypto": {
      "version": "2.0.0",
      "resolved": "https://registry.npmjs.org/xml-crypto/-/xml-crypto-2.0.0.tgz",
      "integrity": "sha512-/a04qr7RpONRZHOxROZ6iIHItdsQQjN3sj8lJkYDDss8tAkEaAs0VrFjb3tlhmS5snQru5lTs9/5ISSMdPDHlg==",
      "requires": {
        "xmldom": "0.1.27",
        "xpath": "0.0.27"
      }
    },
    "xmldom": {
      "version": "0.1.27",
      "resolved": "https://registry.npmjs.org/xmldom/-/xmldom-0.1.27.tgz",
      "integrity": "sha1-1QH5ezvbQDr4757MIFcxh6rawOk="
    },
    "xpath": {
      "version": "0.0.27",
      "resolved": "https://registry.npmjs.org/xpath/-/xpath-0.0.27.tgz",
      "integrity": "sha512-fg03WRxtkCV6ohClePNAECYsmpKKTv5L8y/X3Dn1hQrec3POx2jHZ/0P2qQ6HvsrU1BmeqXcof3NGGueG6LxwQ=="
    }
  }
}
